// !$*UTF8*$!
{
	archiveVersion = 1;
	classes = {
	};
	objectVersion = 56;
	objects = {

/* Begin PBXBuildFile section */
		200942962C18653A009CAC98 /* Spacing.swift in Sources */ = {isa = PBXBuildFile; fileRef = 200942952C18653A009CAC98 /* Spacing.swift */; };
		200942982C186D4B009CAC98 /* UIImageView+Download.swift in Sources */ = {isa = PBXBuildFile; fileRef = 200942972C186D4B009CAC98 /* UIImageView+Download.swift */; };
		2009429B2C187AEF009CAC98 /* WeatherDetailViewController.swift in Sources */ = {isa = PBXBuildFile; fileRef = 2009429A2C187AEF009CAC98 /* WeatherDetailViewController.swift */; };
		2009429D2C187B01009CAC98 /* WeatherDetailViewModel.swift in Sources */ = {isa = PBXBuildFile; fileRef = 2009429C2C187B01009CAC98 /* WeatherDetailViewModel.swift */; };
		2009429F2C187B09009CAC98 /* WeatherDetailViewState.swift in Sources */ = {isa = PBXBuildFile; fileRef = 2009429E2C187B09009CAC98 /* WeatherDetailViewState.swift */; };
		200942A12C187B11009CAC98 /* WeatherView.swift in Sources */ = {isa = PBXBuildFile; fileRef = 200942A02C187B11009CAC98 /* WeatherView.swift */; };
		200942A42C191A1A009CAC98 /* WindView.swift in Sources */ = {isa = PBXBuildFile; fileRef = 200942A32C191A1A009CAC98 /* WindView.swift */; };
		205549EB2C17243E00601EC5 /* APIClient.swift in Sources */ = {isa = PBXBuildFile; fileRef = 205549EA2C17243E00601EC5 /* APIClient.swift */; };
		205549ED2C1724C100601EC5 /* APIEndpoint.swift in Sources */ = {isa = PBXBuildFile; fileRef = 205549EC2C1724C100601EC5 /* APIEndpoint.swift */; };
		205549EF2C17256300601EC5 /* WeatherEndpoint.swift in Sources */ = {isa = PBXBuildFile; fileRef = 205549EE2C17256300601EC5 /* WeatherEndpoint.swift */; };
		205549F12C17265B00601EC5 /* URLSessionAPIClient.swift in Sources */ = {isa = PBXBuildFile; fileRef = 205549F02C17265B00601EC5 /* URLSessionAPIClient.swift */; };
		205549F42C172DE400601EC5 /* WeatherConstants.swift in Sources */ = {isa = PBXBuildFile; fileRef = 205549F32C172DE400601EC5 /* WeatherConstants.swift */; };
		205549F72C172F9400601EC5 /* ParisWeatherViewModel.swift in Sources */ = {isa = PBXBuildFile; fileRef = 205549F62C172F9400601EC5 /* ParisWeatherViewModel.swift */; };
		205549FA2C17318500601EC5 /* WeatherDataModel.swift in Sources */ = {isa = PBXBuildFile; fileRef = 205549F92C17318500601EC5 /* WeatherDataModel.swift */; };
		205549FC2C1733FE00601EC5 /* City.swift in Sources */ = {isa = PBXBuildFile; fileRef = 205549FB2C1733FE00601EC5 /* City.swift */; };
		205549FE2C17341A00601EC5 /* Coordinates.swift in Sources */ = {isa = PBXBuildFile; fileRef = 205549FD2C17341A00601EC5 /* Coordinates.swift */; };
		20554A002C17343C00601EC5 /* List.swift in Sources */ = {isa = PBXBuildFile; fileRef = 205549FF2C17343C00601EC5 /* List.swift */; };
		20554A032C17353C00601EC5 /* WeatherUseCase.swift in Sources */ = {isa = PBXBuildFile; fileRef = 20554A022C17353C00601EC5 /* WeatherUseCase.swift */; };
		20554A052C17427D00601EC5 /* ParisWeatherViewState.swift in Sources */ = {isa = PBXBuildFile; fileRef = 20554A042C17427D00601EC5 /* ParisWeatherViewState.swift */; };
		20554A072C174E0600601EC5 /* WeatherCell.swift in Sources */ = {isa = PBXBuildFile; fileRef = 20554A062C174E0600601EC5 /* WeatherCell.swift */; };
		20554A0A2C17519C00601EC5 /* AppCoordinator.swift in Sources */ = {isa = PBXBuildFile; fileRef = 20554A092C17519C00601EC5 /* AppCoordinator.swift */; };
		20554A0C2C1751AA00601EC5 /* MainCoordinator.swift in Sources */ = {isa = PBXBuildFile; fileRef = 20554A0B2C1751AA00601EC5 /* MainCoordinator.swift */; };
		20554A0E2C1751E700601EC5 /* WeatherViewModelFactory.swift in Sources */ = {isa = PBXBuildFile; fileRef = 20554A0D2C1751E700601EC5 /* WeatherViewModelFactory.swift */; };
		20554A102C17B05500601EC5 /* Doulbe+ToCelsius.swift in Sources */ = {isa = PBXBuildFile; fileRef = 20554A0F2C17B05500601EC5 /* Doulbe+ToCelsius.swift */; };
		20554A122C17C7AA00601EC5 /* Date+dayOfWeek.swift in Sources */ = {isa = PBXBuildFile; fileRef = 20554A112C17C7AA00601EC5 /* Date+dayOfWeek.swift */; };
		20C07BC32C1A2C8B0070D202 /* HourlyForecastCell.swift in Sources */ = {isa = PBXBuildFile; fileRef = 20C07BC22C1A2C8B0070D202 /* HourlyForecastCell.swift */; };
		20C8B1C42C1718DD00D4E225 /* AppDelegate.swift in Sources */ = {isa = PBXBuildFile; fileRef = 20C8B1C32C1718DD00D4E225 /* AppDelegate.swift */; };
		20C8B1C62C1718DD00D4E225 /* SceneDelegate.swift in Sources */ = {isa = PBXBuildFile; fileRef = 20C8B1C52C1718DD00D4E225 /* SceneDelegate.swift */; };
		20C8B1C82C1718DD00D4E225 /* ParisWeatherViewController.swift in Sources */ = {isa = PBXBuildFile; fileRef = 20C8B1C72C1718DD00D4E225 /* ParisWeatherViewController.swift */; };
		20C8B1CD2C1718DE00D4E225 /* Assets.xcassets in Resources */ = {isa = PBXBuildFile; fileRef = 20C8B1CC2C1718DE00D4E225 /* Assets.xcassets */; };
		20C8B1D02C1718DE00D4E225 /* Base in Resources */ = {isa = PBXBuildFile; fileRef = 20C8B1CF2C1718DE00D4E225 /* Base */; };
		20C8B1DB2C1718DE00D4E225 /* ParisWeatherTests.swift in Sources */ = {isa = PBXBuildFile; fileRef = 20C8B1DA2C1718DE00D4E225 /* ParisWeatherTests.swift */; };
		20C8B1E52C1718DE00D4E225 /* ParisWeatherUITests.swift in Sources */ = {isa = PBXBuildFile; fileRef = 20C8B1E42C1718DE00D4E225 /* ParisWeatherUITests.swift */; };
		20C8B1E72C1718DE00D4E225 /* ParisWeatherUITestsLaunchTests.swift in Sources */ = {isa = PBXBuildFile; fileRef = 20C8B1E62C1718DE00D4E225 /* ParisWeatherUITestsLaunchTests.swift */; };
		44793B3661D4998B0E89A03D /* Pods_ParisWeatherTests.framework in Frameworks */ = {isa = PBXBuildFile; fileRef = 4B6A65D27143B8839C65024F /* Pods_ParisWeatherTests.framework */; };
		D57051D1108C06E71AFADA97 /* Pods_ParisWeather.framework in Frameworks */ = {isa = PBXBuildFile; fileRef = 48EC45D6D5F9D93A80052D26 /* Pods_ParisWeather.framework */; };
		E3F6A382B049D0264AAB4878 /* Pods_ParisWeather_ParisWeatherUITests.framework in Frameworks */ = {isa = PBXBuildFile; fileRef = 046E3E813309000FC924D956 /* Pods_ParisWeather_ParisWeatherUITests.framework */; };
/* End PBXBuildFile section */

/* Begin PBXContainerItemProxy section */
		20C8B1D72C1718DE00D4E225 /* PBXContainerItemProxy */ = {
			isa = PBXContainerItemProxy;
			containerPortal = 20C8B1B82C1718DD00D4E225 /* Project object */;
			proxyType = 1;
			remoteGlobalIDString = 20C8B1BF2C1718DD00D4E225;
			remoteInfo = ParisWeather;
		};
		20C8B1E12C1718DE00D4E225 /* PBXContainerItemProxy */ = {
			isa = PBXContainerItemProxy;
			containerPortal = 20C8B1B82C1718DD00D4E225 /* Project object */;
			proxyType = 1;
			remoteGlobalIDString = 20C8B1BF2C1718DD00D4E225;
			remoteInfo = ParisWeather;
		};
/* End PBXContainerItemProxy section */

/* Begin PBXFileReference section */
		046E3E813309000FC924D956 /* Pods_ParisWeather_ParisWeatherUITests.framework */ = {isa = PBXFileReference; explicitFileType = wrapper.framework; includeInIndex = 0; path = Pods_ParisWeather_ParisWeatherUITests.framework; sourceTree = BUILT_PRODUCTS_DIR; };
		200942952C18653A009CAC98 /* Spacing.swift */ = {isa = PBXFileReference; lastKnownFileType = sourcecode.swift; path = Spacing.swift; sourceTree = "<group>"; };
		200942972C186D4B009CAC98 /* UIImageView+Download.swift */ = {isa = PBXFileReference; lastKnownFileType = sourcecode.swift; path = "UIImageView+Download.swift"; sourceTree = "<group>"; };
		2009429A2C187AEF009CAC98 /* WeatherDetailViewController.swift */ = {isa = PBXFileReference; lastKnownFileType = sourcecode.swift; path = WeatherDetailViewController.swift; sourceTree = "<group>"; };
		2009429C2C187B01009CAC98 /* WeatherDetailViewModel.swift */ = {isa = PBXFileReference; lastKnownFileType = sourcecode.swift; path = WeatherDetailViewModel.swift; sourceTree = "<group>"; };
		2009429E2C187B09009CAC98 /* WeatherDetailViewState.swift */ = {isa = PBXFileReference; lastKnownFileType = sourcecode.swift; path = WeatherDetailViewState.swift; sourceTree = "<group>"; };
		200942A02C187B11009CAC98 /* WeatherView.swift */ = {isa = PBXFileReference; lastKnownFileType = sourcecode.swift; path = WeatherView.swift; sourceTree = "<group>"; };
		200942A32C191A1A009CAC98 /* WindView.swift */ = {isa = PBXFileReference; lastKnownFileType = sourcecode.swift; path = WindView.swift; sourceTree = "<group>"; };
		205549EA2C17243E00601EC5 /* APIClient.swift */ = {isa = PBXFileReference; lastKnownFileType = sourcecode.swift; path = APIClient.swift; sourceTree = "<group>"; };
		205549EC2C1724C100601EC5 /* APIEndpoint.swift */ = {isa = PBXFileReference; lastKnownFileType = sourcecode.swift; path = APIEndpoint.swift; sourceTree = "<group>"; };
		205549EE2C17256300601EC5 /* WeatherEndpoint.swift */ = {isa = PBXFileReference; lastKnownFileType = sourcecode.swift; path = WeatherEndpoint.swift; sourceTree = "<group>"; };
		205549F02C17265B00601EC5 /* URLSessionAPIClient.swift */ = {isa = PBXFileReference; lastKnownFileType = sourcecode.swift; path = URLSessionAPIClient.swift; sourceTree = "<group>"; };
		205549F32C172DE400601EC5 /* WeatherConstants.swift */ = {isa = PBXFileReference; lastKnownFileType = sourcecode.swift; path = WeatherConstants.swift; sourceTree = "<group>"; };
		205549F62C172F9400601EC5 /* ParisWeatherViewModel.swift */ = {isa = PBXFileReference; lastKnownFileType = sourcecode.swift; path = ParisWeatherViewModel.swift; sourceTree = "<group>"; };
		205549F92C17318500601EC5 /* WeatherDataModel.swift */ = {isa = PBXFileReference; lastKnownFileType = sourcecode.swift; path = WeatherDataModel.swift; sourceTree = "<group>"; };
		205549FB2C1733FE00601EC5 /* City.swift */ = {isa = PBXFileReference; lastKnownFileType = sourcecode.swift; path = City.swift; sourceTree = "<group>"; };
		205549FD2C17341A00601EC5 /* Coordinates.swift */ = {isa = PBXFileReference; lastKnownFileType = sourcecode.swift; path = Coordinates.swift; sourceTree = "<group>"; };
		205549FF2C17343C00601EC5 /* List.swift */ = {isa = PBXFileReference; lastKnownFileType = sourcecode.swift; path = List.swift; sourceTree = "<group>"; };
		20554A022C17353C00601EC5 /* WeatherUseCase.swift */ = {isa = PBXFileReference; lastKnownFileType = sourcecode.swift; path = WeatherUseCase.swift; sourceTree = "<group>"; };
		20554A042C17427D00601EC5 /* ParisWeatherViewState.swift */ = {isa = PBXFileReference; lastKnownFileType = sourcecode.swift; path = ParisWeatherViewState.swift; sourceTree = "<group>"; };
		20554A062C174E0600601EC5 /* WeatherCell.swift */ = {isa = PBXFileReference; lastKnownFileType = sourcecode.swift; path = WeatherCell.swift; sourceTree = "<group>"; };
		20554A092C17519C00601EC5 /* AppCoordinator.swift */ = {isa = PBXFileReference; lastKnownFileType = sourcecode.swift; path = AppCoordinator.swift; sourceTree = "<group>"; };
		20554A0B2C1751AA00601EC5 /* MainCoordinator.swift */ = {isa = PBXFileReference; lastKnownFileType = sourcecode.swift; path = MainCoordinator.swift; sourceTree = "<group>"; };
		20554A0D2C1751E700601EC5 /* WeatherViewModelFactory.swift */ = {isa = PBXFileReference; lastKnownFileType = sourcecode.swift; path = WeatherViewModelFactory.swift; sourceTree = "<group>"; };
		20554A0F2C17B05500601EC5 /* Doulbe+ToCelsius.swift */ = {isa = PBXFileReference; lastKnownFileType = sourcecode.swift; path = "Doulbe+ToCelsius.swift"; sourceTree = "<group>"; };
		20554A112C17C7AA00601EC5 /* Date+dayOfWeek.swift */ = {isa = PBXFileReference; lastKnownFileType = sourcecode.swift; path = "Date+dayOfWeek.swift"; sourceTree = "<group>"; };
		20C07BC22C1A2C8B0070D202 /* HourlyForecastCell.swift */ = {isa = PBXFileReference; lastKnownFileType = sourcecode.swift; path = HourlyForecastCell.swift; sourceTree = "<group>"; };
		20C8B1C02C1718DD00D4E225 /* ParisWeather.app */ = {isa = PBXFileReference; explicitFileType = wrapper.application; includeInIndex = 0; path = ParisWeather.app; sourceTree = BUILT_PRODUCTS_DIR; };
		20C8B1C32C1718DD00D4E225 /* AppDelegate.swift */ = {isa = PBXFileReference; lastKnownFileType = sourcecode.swift; path = AppDelegate.swift; sourceTree = "<group>"; };
		20C8B1C52C1718DD00D4E225 /* SceneDelegate.swift */ = {isa = PBXFileReference; lastKnownFileType = sourcecode.swift; path = SceneDelegate.swift; sourceTree = "<group>"; };
		20C8B1C72C1718DD00D4E225 /* ParisWeatherViewController.swift */ = {isa = PBXFileReference; lastKnownFileType = sourcecode.swift; path = ParisWeatherViewController.swift; sourceTree = "<group>"; };
		20C8B1CC2C1718DE00D4E225 /* Assets.xcassets */ = {isa = PBXFileReference; lastKnownFileType = folder.assetcatalog; path = Assets.xcassets; sourceTree = "<group>"; };
		20C8B1CF2C1718DE00D4E225 /* Base */ = {isa = PBXFileReference; lastKnownFileType = file.storyboard; name = Base; path = Base.lproj/LaunchScreen.storyboard; sourceTree = "<group>"; };
		20C8B1D12C1718DE00D4E225 /* Info.plist */ = {isa = PBXFileReference; lastKnownFileType = text.plist.xml; path = Info.plist; sourceTree = "<group>"; };
		20C8B1D62C1718DE00D4E225 /* ParisWeatherTests.xctest */ = {isa = PBXFileReference; explicitFileType = wrapper.cfbundle; includeInIndex = 0; path = ParisWeatherTests.xctest; sourceTree = BUILT_PRODUCTS_DIR; };
		20C8B1DA2C1718DE00D4E225 /* ParisWeatherTests.swift */ = {isa = PBXFileReference; lastKnownFileType = sourcecode.swift; path = ParisWeatherTests.swift; sourceTree = "<group>"; };
		20C8B1E02C1718DE00D4E225 /* ParisWeatherUITests.xctest */ = {isa = PBXFileReference; explicitFileType = wrapper.cfbundle; includeInIndex = 0; path = ParisWeatherUITests.xctest; sourceTree = BUILT_PRODUCTS_DIR; };
		20C8B1E42C1718DE00D4E225 /* ParisWeatherUITests.swift */ = {isa = PBXFileReference; lastKnownFileType = sourcecode.swift; path = ParisWeatherUITests.swift; sourceTree = "<group>"; };
		20C8B1E62C1718DE00D4E225 /* ParisWeatherUITestsLaunchTests.swift */ = {isa = PBXFileReference; lastKnownFileType = sourcecode.swift; path = ParisWeatherUITestsLaunchTests.swift; sourceTree = "<group>"; };
		26B886F8AD46AC912DB8D783 /* Pods-ParisWeather.release.xcconfig */ = {isa = PBXFileReference; includeInIndex = 1; lastKnownFileType = text.xcconfig; name = "Pods-ParisWeather.release.xcconfig"; path = "Target Support Files/Pods-ParisWeather/Pods-ParisWeather.release.xcconfig"; sourceTree = "<group>"; };
		48EC45D6D5F9D93A80052D26 /* Pods_ParisWeather.framework */ = {isa = PBXFileReference; explicitFileType = wrapper.framework; includeInIndex = 0; path = Pods_ParisWeather.framework; sourceTree = BUILT_PRODUCTS_DIR; };
		4B6A65D27143B8839C65024F /* Pods_ParisWeatherTests.framework */ = {isa = PBXFileReference; explicitFileType = wrapper.framework; includeInIndex = 0; path = Pods_ParisWeatherTests.framework; sourceTree = BUILT_PRODUCTS_DIR; };
		677EAB4932A79B7CA5522393 /* Pods-ParisWeatherTests.debug.xcconfig */ = {isa = PBXFileReference; includeInIndex = 1; lastKnownFileType = text.xcconfig; name = "Pods-ParisWeatherTests.debug.xcconfig"; path = "Target Support Files/Pods-ParisWeatherTests/Pods-ParisWeatherTests.debug.xcconfig"; sourceTree = "<group>"; };
		87B32C70F82D0711F2023865 /* Pods-ParisWeather-ParisWeatherUITests.release.xcconfig */ = {isa = PBXFileReference; includeInIndex = 1; lastKnownFileType = text.xcconfig; name = "Pods-ParisWeather-ParisWeatherUITests.release.xcconfig"; path = "Target Support Files/Pods-ParisWeather-ParisWeatherUITests/Pods-ParisWeather-ParisWeatherUITests.release.xcconfig"; sourceTree = "<group>"; };
		AFD2AAA57E1DB324B8BF865B /* Pods-ParisWeatherTests.release.xcconfig */ = {isa = PBXFileReference; includeInIndex = 1; lastKnownFileType = text.xcconfig; name = "Pods-ParisWeatherTests.release.xcconfig"; path = "Target Support Files/Pods-ParisWeatherTests/Pods-ParisWeatherTests.release.xcconfig"; sourceTree = "<group>"; };
		BC85690E82F09FD5F2ABF96D /* Pods-ParisWeather.debug.xcconfig */ = {isa = PBXFileReference; includeInIndex = 1; lastKnownFileType = text.xcconfig; name = "Pods-ParisWeather.debug.xcconfig"; path = "Target Support Files/Pods-ParisWeather/Pods-ParisWeather.debug.xcconfig"; sourceTree = "<group>"; };
		C095AEDB45CD860FAEDBCE23 /* Pods-ParisWeather-ParisWeatherUITests.debug.xcconfig */ = {isa = PBXFileReference; includeInIndex = 1; lastKnownFileType = text.xcconfig; name = "Pods-ParisWeather-ParisWeatherUITests.debug.xcconfig"; path = "Target Support Files/Pods-ParisWeather-ParisWeatherUITests/Pods-ParisWeather-ParisWeatherUITests.debug.xcconfig"; sourceTree = "<group>"; };
/* End PBXFileReference section */

/* Begin PBXFrameworksBuildPhase section */
		20C8B1BD2C1718DD00D4E225 /* Frameworks */ = {
			isa = PBXFrameworksBuildPhase;
			buildActionMask = 2147483647;
			files = (
				D57051D1108C06E71AFADA97 /* Pods_ParisWeather.framework in Frameworks */,
			);
			runOnlyForDeploymentPostprocessing = 0;
		};
		20C8B1D32C1718DE00D4E225 /* Frameworks */ = {
			isa = PBXFrameworksBuildPhase;
			buildActionMask = 2147483647;
			files = (
				44793B3661D4998B0E89A03D /* Pods_ParisWeatherTests.framework in Frameworks */,
			);
			runOnlyForDeploymentPostprocessing = 0;
		};
		20C8B1DD2C1718DE00D4E225 /* Frameworks */ = {
			isa = PBXFrameworksBuildPhase;
			buildActionMask = 2147483647;
			files = (
				E3F6A382B049D0264AAB4878 /* Pods_ParisWeather_ParisWeatherUITests.framework in Frameworks */,
			);
			runOnlyForDeploymentPostprocessing = 0;
		};
/* End PBXFrameworksBuildPhase section */

/* Begin PBXGroup section */
		200942992C187AD5009CAC98 /* WeatherDetailView */ = {
			isa = PBXGroup;
			children = (
				200942A22C18DD01009CAC98 /* Views */,
				2009429A2C187AEF009CAC98 /* WeatherDetailViewController.swift */,
				2009429C2C187B01009CAC98 /* WeatherDetailViewModel.swift */,
				2009429E2C187B09009CAC98 /* WeatherDetailViewState.swift */,
			);
			path = WeatherDetailView;
			sourceTree = "<group>";
		};
		200942A22C18DD01009CAC98 /* Views */ = {
			isa = PBXGroup;
			children = (
				200942A02C187B11009CAC98 /* WeatherView.swift */,
				200942A32C191A1A009CAC98 /* WindView.swift */,
				20C07BC22C1A2C8B0070D202 /* HourlyForecastCell.swift */,
			);
			path = Views;
			sourceTree = "<group>";
		};
		205549E92C17231A00601EC5 /* Core */ = {
			isa = PBXGroup;
			children = (
				20554A012C1734A600601EC5 /* WeatherUseCase */,
				205549F82C17317600601EC5 /* Entity */,
				205549EA2C17243E00601EC5 /* APIClient.swift */,
				205549EC2C1724C100601EC5 /* APIEndpoint.swift */,
				205549EE2C17256300601EC5 /* WeatherEndpoint.swift */,
				205549F02C17265B00601EC5 /* URLSessionAPIClient.swift */,
			);
			path = Core;
			sourceTree = "<group>";
		};
		205549F22C172DD100601EC5 /* Common */ = {
			isa = PBXGroup;
			children = (
				205549F32C172DE400601EC5 /* WeatherConstants.swift */,
				20554A0F2C17B05500601EC5 /* Doulbe+ToCelsius.swift */,
				20554A112C17C7AA00601EC5 /* Date+dayOfWeek.swift */,
				200942952C18653A009CAC98 /* Spacing.swift */,
				200942972C186D4B009CAC98 /* UIImageView+Download.swift */,
			);
			path = Common;
			sourceTree = "<group>";
		};
		205549F52C172F4C00601EC5 /* ParisWeatherView */ = {
			isa = PBXGroup;
			children = (
				20C8B1C72C1718DD00D4E225 /* ParisWeatherViewController.swift */,
				20554A042C17427D00601EC5 /* ParisWeatherViewState.swift */,
				205549F62C172F9400601EC5 /* ParisWeatherViewModel.swift */,
				20554A062C174E0600601EC5 /* WeatherCell.swift */,
			);
			path = ParisWeatherView;
			sourceTree = "<group>";
		};
		205549F82C17317600601EC5 /* Entity */ = {
			isa = PBXGroup;
			children = (
				205549F92C17318500601EC5 /* WeatherDataModel.swift */,
				205549FB2C1733FE00601EC5 /* City.swift */,
				205549FD2C17341A00601EC5 /* Coordinates.swift */,
				205549FF2C17343C00601EC5 /* List.swift */,
			);
			path = Entity;
			sourceTree = "<group>";
		};
		20554A012C1734A600601EC5 /* WeatherUseCase */ = {
			isa = PBXGroup;
			children = (
				20554A022C17353C00601EC5 /* WeatherUseCase.swift */,
			);
			path = WeatherUseCase;
			sourceTree = "<group>";
		};
		20554A082C17518700601EC5 /* Coordinator */ = {
			isa = PBXGroup;
			children = (
				20554A092C17519C00601EC5 /* AppCoordinator.swift */,
				20554A0B2C1751AA00601EC5 /* MainCoordinator.swift */,
				20554A0D2C1751E700601EC5 /* WeatherViewModelFactory.swift */,
			);
			path = Coordinator;
			sourceTree = "<group>";
		};
		20C8B1B72C1718DD00D4E225 = {
			isa = PBXGroup;
			children = (
				20C8B1C22C1718DD00D4E225 /* ParisWeather */,
				20C8B1D92C1718DE00D4E225 /* ParisWeatherTests */,
				20C8B1E32C1718DE00D4E225 /* ParisWeatherUITests */,
				20C8B1C12C1718DD00D4E225 /* Products */,
				60352429A11523F54053A86F /* Pods */,
				4635B417A656E78AE6D7AC48 /* Frameworks */,
			);
			sourceTree = "<group>";
		};
		20C8B1C12C1718DD00D4E225 /* Products */ = {
			isa = PBXGroup;
			children = (
				20C8B1C02C1718DD00D4E225 /* ParisWeather.app */,
				20C8B1D62C1718DE00D4E225 /* ParisWeatherTests.xctest */,
				20C8B1E02C1718DE00D4E225 /* ParisWeatherUITests.xctest */,
			);
			name = Products;
			sourceTree = "<group>";
		};
		20C8B1C22C1718DD00D4E225 /* ParisWeather */ = {
			isa = PBXGroup;
			children = (
				200942992C187AD5009CAC98 /* WeatherDetailView */,
				20554A082C17518700601EC5 /* Coordinator */,
				205549F52C172F4C00601EC5 /* ParisWeatherView */,
				205549F22C172DD100601EC5 /* Common */,
				205549E92C17231A00601EC5 /* Core */,
				20C8B1C32C1718DD00D4E225 /* AppDelegate.swift */,
				20C8B1C52C1718DD00D4E225 /* SceneDelegate.swift */,
				20C8B1CC2C1718DE00D4E225 /* Assets.xcassets */,
				20C8B1CE2C1718DE00D4E225 /* LaunchScreen.storyboard */,
				20C8B1D12C1718DE00D4E225 /* Info.plist */,
			);
			path = ParisWeather;
			sourceTree = "<group>";
		};
		20C8B1D92C1718DE00D4E225 /* ParisWeatherTests */ = {
			isa = PBXGroup;
			children = (
				20C8B1DA2C1718DE00D4E225 /* ParisWeatherTests.swift */,
			);
			path = ParisWeatherTests;
			sourceTree = "<group>";
		};
		20C8B1E32C1718DE00D4E225 /* ParisWeatherUITests */ = {
			isa = PBXGroup;
			children = (
				20C8B1E42C1718DE00D4E225 /* ParisWeatherUITests.swift */,
				20C8B1E62C1718DE00D4E225 /* ParisWeatherUITestsLaunchTests.swift */,
			);
			path = ParisWeatherUITests;
			sourceTree = "<group>";
		};
		4635B417A656E78AE6D7AC48 /* Frameworks */ = {
			isa = PBXGroup;
			children = (
				48EC45D6D5F9D93A80052D26 /* Pods_ParisWeather.framework */,
				046E3E813309000FC924D956 /* Pods_ParisWeather_ParisWeatherUITests.framework */,
				4B6A65D27143B8839C65024F /* Pods_ParisWeatherTests.framework */,
			);
			name = Frameworks;
			sourceTree = "<group>";
		};
		60352429A11523F54053A86F /* Pods */ = {
			isa = PBXGroup;
			children = (
				BC85690E82F09FD5F2ABF96D /* Pods-ParisWeather.debug.xcconfig */,
				26B886F8AD46AC912DB8D783 /* Pods-ParisWeather.release.xcconfig */,
				C095AEDB45CD860FAEDBCE23 /* Pods-ParisWeather-ParisWeatherUITests.debug.xcconfig */,
				87B32C70F82D0711F2023865 /* Pods-ParisWeather-ParisWeatherUITests.release.xcconfig */,
				677EAB4932A79B7CA5522393 /* Pods-ParisWeatherTests.debug.xcconfig */,
				AFD2AAA57E1DB324B8BF865B /* Pods-ParisWeatherTests.release.xcconfig */,
			);
			path = Pods;
			sourceTree = "<group>";
		};
/* End PBXGroup section */

/* Begin PBXNativeTarget section */
		20C8B1BF2C1718DD00D4E225 /* ParisWeather */ = {
			isa = PBXNativeTarget;
			buildConfigurationList = 20C8B1EA2C1718DE00D4E225 /* Build configuration list for PBXNativeTarget "ParisWeather" */;
			buildPhases = (
				AABD25C76CA1039A4FC46C4D /* [CP] Check Pods Manifest.lock */,
				20C8B1BC2C1718DD00D4E225 /* Sources */,
				20C8B1BD2C1718DD00D4E225 /* Frameworks */,
				20C8B1BE2C1718DD00D4E225 /* Resources */,
				596AC10D9DF21735D3F48B54 /* [CP] Embed Pods Frameworks */,
			);
			buildRules = (
			);
			dependencies = (
			);
			name = ParisWeather;
			productName = ParisWeather;
			productReference = 20C8B1C02C1718DD00D4E225 /* ParisWeather.app */;
			productType = "com.apple.product-type.application";
		};
		20C8B1D52C1718DE00D4E225 /* ParisWeatherTests */ = {
			isa = PBXNativeTarget;
			buildConfigurationList = 20C8B1ED2C1718DE00D4E225 /* Build configuration list for PBXNativeTarget "ParisWeatherTests" */;
			buildPhases = (
				E2F8132C76E217299AAE861E /* [CP] Check Pods Manifest.lock */,
				20C8B1D22C1718DE00D4E225 /* Sources */,
				20C8B1D32C1718DE00D4E225 /* Frameworks */,
				20C8B1D42C1718DE00D4E225 /* Resources */,
			);
			buildRules = (
			);
			dependencies = (
				20C8B1D82C1718DE00D4E225 /* PBXTargetDependency */,
			);
			name = ParisWeatherTests;
			productName = ParisWeatherTests;
			productReference = 20C8B1D62C1718DE00D4E225 /* ParisWeatherTests.xctest */;
			productType = "com.apple.product-type.bundle.unit-test";
		};
		20C8B1DF2C1718DE00D4E225 /* ParisWeatherUITests */ = {
			isa = PBXNativeTarget;
			buildConfigurationList = 20C8B1F02C1718DE00D4E225 /* Build configuration list for PBXNativeTarget "ParisWeatherUITests" */;
			buildPhases = (
				54CBAED6CDD8E71E22A7DF1F /* [CP] Check Pods Manifest.lock */,
				20C8B1DC2C1718DE00D4E225 /* Sources */,
				20C8B1DD2C1718DE00D4E225 /* Frameworks */,
				20C8B1DE2C1718DE00D4E225 /* Resources */,
				03BAA2066C55D5D4AB7C8521 /* [CP] Embed Pods Frameworks */,
			);
			buildRules = (
			);
			dependencies = (
				20C8B1E22C1718DE00D4E225 /* PBXTargetDependency */,
			);
			name = ParisWeatherUITests;
			productName = ParisWeatherUITests;
			productReference = 20C8B1E02C1718DE00D4E225 /* ParisWeatherUITests.xctest */;
			productType = "com.apple.product-type.bundle.ui-testing";
		};
/* End PBXNativeTarget section */

/* Begin PBXProject section */
		20C8B1B82C1718DD00D4E225 /* Project object */ = {
			isa = PBXProject;
			attributes = {
				BuildIndependentTargetsInParallel = 1;
				LastSwiftUpdateCheck = 1540;
				LastUpgradeCheck = 1540;
				TargetAttributes = {
					20C8B1BF2C1718DD00D4E225 = {
						CreatedOnToolsVersion = 15.4;
					};
					20C8B1D52C1718DE00D4E225 = {
						CreatedOnToolsVersion = 15.4;
						TestTargetID = 20C8B1BF2C1718DD00D4E225;
					};
					20C8B1DF2C1718DE00D4E225 = {
						CreatedOnToolsVersion = 15.4;
						TestTargetID = 20C8B1BF2C1718DD00D4E225;
					};
				};
			};
			buildConfigurationList = 20C8B1BB2C1718DD00D4E225 /* Build configuration list for PBXProject "ParisWeather" */;
			compatibilityVersion = "Xcode 14.0";
			developmentRegion = en;
			hasScannedForEncodings = 0;
			knownRegions = (
				en,
				Base,
			);
			mainGroup = 20C8B1B72C1718DD00D4E225;
			productRefGroup = 20C8B1C12C1718DD00D4E225 /* Products */;
			projectDirPath = "";
			projectRoot = "";
			targets = (
				20C8B1BF2C1718DD00D4E225 /* ParisWeather */,
				20C8B1D52C1718DE00D4E225 /* ParisWeatherTests */,
				20C8B1DF2C1718DE00D4E225 /* ParisWeatherUITests */,
			);
		};
/* End PBXProject section */

/* Begin PBXResourcesBuildPhase section */
		20C8B1BE2C1718DD00D4E225 /* Resources */ = {
			isa = PBXResourcesBuildPhase;
			buildActionMask = 2147483647;
			files = (
				20C8B1CD2C1718DE00D4E225 /* Assets.xcassets in Resources */,
				20C8B1D02C1718DE00D4E225 /* Base in Resources */,
			);
			runOnlyForDeploymentPostprocessing = 0;
		};
		20C8B1D42C1718DE00D4E225 /* Resources */ = {
			isa = PBXResourcesBuildPhase;
			buildActionMask = 2147483647;
			files = (
			);
			runOnlyForDeploymentPostprocessing = 0;
		};
		20C8B1DE2C1718DE00D4E225 /* Resources */ = {
			isa = PBXResourcesBuildPhase;
			buildActionMask = 2147483647;
			files = (
			);
			runOnlyForDeploymentPostprocessing = 0;
		};
/* End PBXResourcesBuildPhase section */

/* Begin PBXShellScriptBuildPhase section */
		03BAA2066C55D5D4AB7C8521 /* [CP] Embed Pods Frameworks */ = {
			isa = PBXShellScriptBuildPhase;
			buildActionMask = 2147483647;
			files = (
			);
			inputFileListPaths = (
				"${PODS_ROOT}/Target Support Files/Pods-ParisWeather-ParisWeatherUITests/Pods-ParisWeather-ParisWeatherUITests-frameworks-${CONFIGURATION}-input-files.xcfilelist",
			);
			name = "[CP] Embed Pods Frameworks";
			outputFileListPaths = (
				"${PODS_ROOT}/Target Support Files/Pods-ParisWeather-ParisWeatherUITests/Pods-ParisWeather-ParisWeatherUITests-frameworks-${CONFIGURATION}-output-files.xcfilelist",
			);
			runOnlyForDeploymentPostprocessing = 0;
			shellPath = /bin/sh;
			shellScript = "\"${PODS_ROOT}/Target Support Files/Pods-ParisWeather-ParisWeatherUITests/Pods-ParisWeather-ParisWeatherUITests-frameworks.sh\"\n";
			showEnvVarsInLog = 0;
		};
		54CBAED6CDD8E71E22A7DF1F /* [CP] Check Pods Manifest.lock */ = {
			isa = PBXShellScriptBuildPhase;
			buildActionMask = 2147483647;
			files = (
			);
			inputFileListPaths = (
			);
			inputPaths = (
				"${PODS_PODFILE_DIR_PATH}/Podfile.lock",
				"${PODS_ROOT}/Manifest.lock",
			);
			name = "[CP] Check Pods Manifest.lock";
			outputFileListPaths = (
			);
			outputPaths = (
				"$(DERIVED_FILE_DIR)/Pods-ParisWeather-ParisWeatherUITests-checkManifestLockResult.txt",
			);
			runOnlyForDeploymentPostprocessing = 0;
			shellPath = /bin/sh;
			shellScript = "diff \"${PODS_PODFILE_DIR_PATH}/Podfile.lock\" \"${PODS_ROOT}/Manifest.lock\" > /dev/null\nif [ $? != 0 ] ; then\n    # print error to STDERR\n    echo \"error: The sandbox is not in sync with the Podfile.lock. Run 'pod install' or update your CocoaPods installation.\" >&2\n    exit 1\nfi\n# This output is used by Xcode 'outputs' to avoid re-running this script phase.\necho \"SUCCESS\" > \"${SCRIPT_OUTPUT_FILE_0}\"\n";
			showEnvVarsInLog = 0;
		};
		596AC10D9DF21735D3F48B54 /* [CP] Embed Pods Frameworks */ = {
			isa = PBXShellScriptBuildPhase;
			buildActionMask = 2147483647;
			files = (
			);
			inputFileListPaths = (
				"${PODS_ROOT}/Target Support Files/Pods-ParisWeather/Pods-ParisWeather-frameworks-${CONFIGURATION}-input-files.xcfilelist",
			);
			name = "[CP] Embed Pods Frameworks";
			outputFileListPaths = (
				"${PODS_ROOT}/Target Support Files/Pods-ParisWeather/Pods-ParisWeather-frameworks-${CONFIGURATION}-output-files.xcfilelist",
			);
			runOnlyForDeploymentPostprocessing = 0;
			shellPath = /bin/sh;
			shellScript = "\"${PODS_ROOT}/Target Support Files/Pods-ParisWeather/Pods-ParisWeather-frameworks.sh\"\n";
			showEnvVarsInLog = 0;
		};
		AABD25C76CA1039A4FC46C4D /* [CP] Check Pods Manifest.lock */ = {
			isa = PBXShellScriptBuildPhase;
			buildActionMask = 2147483647;
			files = (
			);
			inputFileListPaths = (
			);
			inputPaths = (
				"${PODS_PODFILE_DIR_PATH}/Podfile.lock",
				"${PODS_ROOT}/Manifest.lock",
			);
			name = "[CP] Check Pods Manifest.lock";
			outputFileListPaths = (
			);
			outputPaths = (
				"$(DERIVED_FILE_DIR)/Pods-ParisWeather-checkManifestLockResult.txt",
			);
			runOnlyForDeploymentPostprocessing = 0;
			shellPath = /bin/sh;
			shellScript = "diff \"${PODS_PODFILE_DIR_PATH}/Podfile.lock\" \"${PODS_ROOT}/Manifest.lock\" > /dev/null\nif [ $? != 0 ] ; then\n    # print error to STDERR\n    echo \"error: The sandbox is not in sync with the Podfile.lock. Run 'pod install' or update your CocoaPods installation.\" >&2\n    exit 1\nfi\n# This output is used by Xcode 'outputs' to avoid re-running this script phase.\necho \"SUCCESS\" > \"${SCRIPT_OUTPUT_FILE_0}\"\n";
			showEnvVarsInLog = 0;
		};
		E2F8132C76E217299AAE861E /* [CP] Check Pods Manifest.lock */ = {
			isa = PBXShellScriptBuildPhase;
			buildActionMask = 2147483647;
			files = (
			);
			inputFileListPaths = (
			);
			inputPaths = (
				"${PODS_PODFILE_DIR_PATH}/Podfile.lock",
				"${PODS_ROOT}/Manifest.lock",
			);
			name = "[CP] Check Pods Manifest.lock";
			outputFileListPaths = (
			);
			outputPaths = (
				"$(DERIVED_FILE_DIR)/Pods-ParisWeatherTests-checkManifestLockResult.txt",
			);
			runOnlyForDeploymentPostprocessing = 0;
			shellPath = /bin/sh;
			shellScript = "diff \"${PODS_PODFILE_DIR_PATH}/Podfile.lock\" \"${PODS_ROOT}/Manifest.lock\" > /dev/null\nif [ $? != 0 ] ; then\n    # print error to STDERR\n    echo \"error: The sandbox is not in sync with the Podfile.lock. Run 'pod install' or update your CocoaPods installation.\" >&2\n    exit 1\nfi\n# This output is used by Xcode 'outputs' to avoid re-running this script phase.\necho \"SUCCESS\" > \"${SCRIPT_OUTPUT_FILE_0}\"\n";
			showEnvVarsInLog = 0;
		};
/* End PBXShellScriptBuildPhase section */

/* Begin PBXSourcesBuildPhase section */
		20C8B1BC2C1718DD00D4E225 /* Sources */ = {
			isa = PBXSourcesBuildPhase;
			buildActionMask = 2147483647;
			files = (
				20554A032C17353C00601EC5 /* WeatherUseCase.swift in Sources */,
				200942962C18653A009CAC98 /* Spacing.swift in Sources */,
				20C8B1C82C1718DD00D4E225 /* ParisWeatherViewController.swift in Sources */,
				20554A102C17B05500601EC5 /* Doulbe+ToCelsius.swift in Sources */,
				20554A0A2C17519C00601EC5 /* AppCoordinator.swift in Sources */,
				20C8B1C42C1718DD00D4E225 /* AppDelegate.swift in Sources */,
				200942A12C187B11009CAC98 /* WeatherView.swift in Sources */,
				20C8B1C62C1718DD00D4E225 /* SceneDelegate.swift in Sources */,
				205549FE2C17341A00601EC5 /* Coordinates.swift in Sources */,
				20554A002C17343C00601EC5 /* List.swift in Sources */,
				20554A0C2C1751AA00601EC5 /* MainCoordinator.swift in Sources */,
				205549EB2C17243E00601EC5 /* APIClient.swift in Sources */,
				2009429D2C187B01009CAC98 /* WeatherDetailViewModel.swift in Sources */,
				205549FA2C17318500601EC5 /* WeatherDataModel.swift in Sources */,
				200942A42C191A1A009CAC98 /* WindView.swift in Sources */,
				20554A0E2C1751E700601EC5 /* WeatherViewModelFactory.swift in Sources */,
				20C07BC32C1A2C8B0070D202 /* HourlyForecastCell.swift in Sources */,
				205549ED2C1724C100601EC5 /* APIEndpoint.swift in Sources */,
				205549EF2C17256300601EC5 /* WeatherEndpoint.swift in Sources */,
				20554A052C17427D00601EC5 /* ParisWeatherViewState.swift in Sources */,
				20554A122C17C7AA00601EC5 /* Date+dayOfWeek.swift in Sources */,
				2009429F2C187B09009CAC98 /* WeatherDetailViewState.swift in Sources */,
				205549FC2C1733FE00601EC5 /* City.swift in Sources */,
				2009429B2C187AEF009CAC98 /* WeatherDetailViewController.swift in Sources */,
				20554A072C174E0600601EC5 /* WeatherCell.swift in Sources */,
				205549F42C172DE400601EC5 /* WeatherConstants.swift in Sources */,
				205549F72C172F9400601EC5 /* ParisWeatherViewModel.swift in Sources */,
				200942982C186D4B009CAC98 /* UIImageView+Download.swift in Sources */,
				205549F12C17265B00601EC5 /* URLSessionAPIClient.swift in Sources */,
			);
			runOnlyForDeploymentPostprocessing = 0;
		};
		20C8B1D22C1718DE00D4E225 /* Sources */ = {
			isa = PBXSourcesBuildPhase;
			buildActionMask = 2147483647;
			files = (
				20C8B1DB2C1718DE00D4E225 /* ParisWeatherTests.swift in Sources */,
			);
			runOnlyForDeploymentPostprocessing = 0;
		};
		20C8B1DC2C1718DE00D4E225 /* Sources */ = {
			isa = PBXSourcesBuildPhase;
			buildActionMask = 2147483647;
			files = (
				20C8B1E52C1718DE00D4E225 /* ParisWeatherUITests.swift in Sources */,
				20C8B1E72C1718DE00D4E225 /* ParisWeatherUITestsLaunchTests.swift in Sources */,
			);
			runOnlyForDeploymentPostprocessing = 0;
		};
/* End PBXSourcesBuildPhase section */

/* Begin PBXTargetDependency section */
		20C8B1D82C1718DE00D4E225 /* PBXTargetDependency */ = {
			isa = PBXTargetDependency;
			target = 20C8B1BF2C1718DD00D4E225 /* ParisWeather */;
			targetProxy = 20C8B1D72C1718DE00D4E225 /* PBXContainerItemProxy */;
		};
		20C8B1E22C1718DE00D4E225 /* PBXTargetDependency */ = {
			isa = PBXTargetDependency;
			target = 20C8B1BF2C1718DD00D4E225 /* ParisWeather */;
			targetProxy = 20C8B1E12C1718DE00D4E225 /* PBXContainerItemProxy */;
		};
/* End PBXTargetDependency section */

/* Begin PBXVariantGroup section */
		20C8B1CE2C1718DE00D4E225 /* LaunchScreen.storyboard */ = {
			isa = PBXVariantGroup;
			children = (
				20C8B1CF2C1718DE00D4E225 /* Base */,
			);
			name = LaunchScreen.storyboard;
			sourceTree = "<group>";
		};
/* End PBXVariantGroup section */

/* Begin XCBuildConfiguration section */
		20C8B1E82C1718DE00D4E225 /* Debug */ = {
			isa = XCBuildConfiguration;
			buildSettings = {
				ALWAYS_SEARCH_USER_PATHS = NO;
				ASSETCATALOG_COMPILER_GENERATE_SWIFT_ASSET_SYMBOL_EXTENSIONS = YES;
				CLANG_ANALYZER_NONNULL = YES;
				CLANG_ANALYZER_NUMBER_OBJECT_CONVERSION = YES_AGGRESSIVE;
				CLANG_CXX_LANGUAGE_STANDARD = "gnu++20";
				CLANG_ENABLE_MODULES = YES;
				CLANG_ENABLE_OBJC_ARC = YES;
				CLANG_ENABLE_OBJC_WEAK = YES;
				CLANG_WARN_BLOCK_CAPTURE_AUTORELEASING = YES;
				CLANG_WARN_BOOL_CONVERSION = YES;
				CLANG_WARN_COMMA = YES;
				CLANG_WARN_CONSTANT_CONVERSION = YES;
				CLANG_WARN_DEPRECATED_OBJC_IMPLEMENTATIONS = YES;
				CLANG_WARN_DIRECT_OBJC_ISA_USAGE = YES_ERROR;
				CLANG_WARN_DOCUMENTATION_COMMENTS = YES;
				CLANG_WARN_EMPTY_BODY = YES;
				CLANG_WARN_ENUM_CONVERSION = YES;
				CLANG_WARN_INFINITE_RECURSION = YES;
				CLANG_WARN_INT_CONVERSION = YES;
				CLANG_WARN_NON_LITERAL_NULL_CONVERSION = YES;
				CLANG_WARN_OBJC_IMPLICIT_RETAIN_SELF = YES;
				CLANG_WARN_OBJC_LITERAL_CONVERSION = YES;
				CLANG_WARN_OBJC_ROOT_CLASS = YES_ERROR;
				CLANG_WARN_QUOTED_INCLUDE_IN_FRAMEWORK_HEADER = YES;
				CLANG_WARN_RANGE_LOOP_ANALYSIS = YES;
				CLANG_WARN_STRICT_PROTOTYPES = YES;
				CLANG_WARN_SUSPICIOUS_MOVE = YES;
				CLANG_WARN_UNGUARDED_AVAILABILITY = YES_AGGRESSIVE;
				CLANG_WARN_UNREACHABLE_CODE = YES;
				CLANG_WARN__DUPLICATE_METHOD_MATCH = YES;
				COPY_PHASE_STRIP = NO;
				DEBUG_INFORMATION_FORMAT = dwarf;
				ENABLE_STRICT_OBJC_MSGSEND = YES;
				ENABLE_TESTABILITY = YES;
				ENABLE_USER_SCRIPT_SANDBOXING = NO;
				GCC_C_LANGUAGE_STANDARD = gnu17;
				GCC_DYNAMIC_NO_PIC = NO;
				GCC_NO_COMMON_BLOCKS = YES;
				GCC_OPTIMIZATION_LEVEL = 0;
				GCC_PREPROCESSOR_DEFINITIONS = (
					"DEBUG=1",
					"$(inherited)",
				);
				GCC_WARN_64_TO_32_BIT_CONVERSION = YES;
				GCC_WARN_ABOUT_RETURN_TYPE = YES_ERROR;
				GCC_WARN_UNDECLARED_SELECTOR = YES;
				GCC_WARN_UNINITIALIZED_AUTOS = YES_AGGRESSIVE;
				GCC_WARN_UNUSED_FUNCTION = YES;
				GCC_WARN_UNUSED_VARIABLE = YES;
				IPHONEOS_DEPLOYMENT_TARGET = 17.5;
				LOCALIZATION_PREFERS_STRING_CATALOGS = YES;
				MTL_ENABLE_DEBUG_INFO = INCLUDE_SOURCE;
				MTL_FAST_MATH = YES;
				ONLY_ACTIVE_ARCH = YES;
				SDKROOT = iphoneos;
				SWIFT_ACTIVE_COMPILATION_CONDITIONS = "DEBUG $(inherited)";
				SWIFT_OPTIMIZATION_LEVEL = "-Onone";
			};
			name = Debug;
		};
		20C8B1E92C1718DE00D4E225 /* Release */ = {
			isa = XCBuildConfiguration;
			buildSettings = {
				ALWAYS_SEARCH_USER_PATHS = NO;
				ASSETCATALOG_COMPILER_GENERATE_SWIFT_ASSET_SYMBOL_EXTENSIONS = YES;
				CLANG_ANALYZER_NONNULL = YES;
				CLANG_ANALYZER_NUMBER_OBJECT_CONVERSION = YES_AGGRESSIVE;
				CLANG_CXX_LANGUAGE_STANDARD = "gnu++20";
				CLANG_ENABLE_MODULES = YES;
				CLANG_ENABLE_OBJC_ARC = YES;
				CLANG_ENABLE_OBJC_WEAK = YES;
				CLANG_WARN_BLOCK_CAPTURE_AUTORELEASING = YES;
				CLANG_WARN_BOOL_CONVERSION = YES;
				CLANG_WARN_COMMA = YES;
				CLANG_WARN_CONSTANT_CONVERSION = YES;
				CLANG_WARN_DEPRECATED_OBJC_IMPLEMENTATIONS = YES;
				CLANG_WARN_DIRECT_OBJC_ISA_USAGE = YES_ERROR;
				CLANG_WARN_DOCUMENTATION_COMMENTS = YES;
				CLANG_WARN_EMPTY_BODY = YES;
				CLANG_WARN_ENUM_CONVERSION = YES;
				CLANG_WARN_INFINITE_RECURSION = YES;
				CLANG_WARN_INT_CONVERSION = YES;
				CLANG_WARN_NON_LITERAL_NULL_CONVERSION = YES;
				CLANG_WARN_OBJC_IMPLICIT_RETAIN_SELF = YES;
				CLANG_WARN_OBJC_LITERAL_CONVERSION = YES;
				CLANG_WARN_OBJC_ROOT_CLASS = YES_ERROR;
				CLANG_WARN_QUOTED_INCLUDE_IN_FRAMEWORK_HEADER = YES;
				CLANG_WARN_RANGE_LOOP_ANALYSIS = YES;
				CLANG_WARN_STRICT_PROTOTYPES = YES;
				CLANG_WARN_SUSPICIOUS_MOVE = YES;
				CLANG_WARN_UNGUARDED_AVAILABILITY = YES_AGGRESSIVE;
				CLANG_WARN_UNREACHABLE_CODE = YES;
				CLANG_WARN__DUPLICATE_METHOD_MATCH = YES;
				COPY_PHASE_STRIP = NO;
				DEBUG_INFORMATION_FORMAT = "dwarf-with-dsym";
				ENABLE_NS_ASSERTIONS = NO;
				ENABLE_STRICT_OBJC_MSGSEND = YES;
				ENABLE_USER_SCRIPT_SANDBOXING = NO;
				GCC_C_LANGUAGE_STANDARD = gnu17;
				GCC_NO_COMMON_BLOCKS = YES;
				GCC_WARN_64_TO_32_BIT_CONVERSION = YES;
				GCC_WARN_ABOUT_RETURN_TYPE = YES_ERROR;
				GCC_WARN_UNDECLARED_SELECTOR = YES;
				GCC_WARN_UNINITIALIZED_AUTOS = YES_AGGRESSIVE;
				GCC_WARN_UNUSED_FUNCTION = YES;
				GCC_WARN_UNUSED_VARIABLE = YES;
				IPHONEOS_DEPLOYMENT_TARGET = 17.5;
				LOCALIZATION_PREFERS_STRING_CATALOGS = YES;
				MTL_ENABLE_DEBUG_INFO = NO;
				MTL_FAST_MATH = YES;
				SDKROOT = iphoneos;
				SWIFT_COMPILATION_MODE = wholemodule;
				VALIDATE_PRODUCT = YES;
			};
			name = Release;
		};
		20C8B1EB2C1718DE00D4E225 /* Debug */ = {
			isa = XCBuildConfiguration;
			baseConfigurationReference = BC85690E82F09FD5F2ABF96D /* Pods-ParisWeather.debug.xcconfig */;
			buildSettings = {
				ASSETCATALOG_COMPILER_APPICON_NAME = AppIcon;
				ASSETCATALOG_COMPILER_GLOBAL_ACCENT_COLOR_NAME = AccentColor;
				CODE_SIGN_STYLE = Automatic;
				CURRENT_PROJECT_VERSION = 1;
				DEVELOPMENT_TEAM = 9S5S88BS5Q;
				GENERATE_INFOPLIST_FILE = YES;
				INFOPLIST_FILE = ParisWeather/Info.plist;
				INFOPLIST_KEY_UIApplicationSupportsIndirectInputEvents = YES;
				INFOPLIST_KEY_UILaunchStoryboardName = LaunchScreen;
				INFOPLIST_KEY_UIMainStoryboardFile = "";
				INFOPLIST_KEY_UISupportedInterfaceOrientations_iPad = "UIInterfaceOrientationPortrait UIInterfaceOrientationPortraitUpsideDown UIInterfaceOrientationLandscapeLeft UIInterfaceOrientationLandscapeRight";
				INFOPLIST_KEY_UISupportedInterfaceOrientations_iPhone = "UIInterfaceOrientationPortrait UIInterfaceOrientationLandscapeLeft UIInterfaceOrientationLandscapeRight";
				LD_RUNPATH_SEARCH_PATHS = (
					"$(inherited)",
					"@executable_path/Frameworks",
				);
				MARKETING_VERSION = 1.0;
				PRODUCT_BUNDLE_IDENTIFIER = hamza.ParisWeather;
				PRODUCT_NAME = "$(TARGET_NAME)";
				SWIFT_EMIT_LOC_STRINGS = YES;
				SWIFT_VERSION = 5.0;
				TARGETED_DEVICE_FAMILY = "1,2";
			};
			name = Debug;
		};
		20C8B1EC2C1718DE00D4E225 /* Release */ = {
			isa = XCBuildConfiguration;
			baseConfigurationReference = 26B886F8AD46AC912DB8D783 /* Pods-ParisWeather.release.xcconfig */;
			buildSettings = {
				ASSETCATALOG_COMPILER_APPICON_NAME = AppIcon;
				ASSETCATALOG_COMPILER_GLOBAL_ACCENT_COLOR_NAME = AccentColor;
				CODE_SIGN_STYLE = Automatic;
				CURRENT_PROJECT_VERSION = 1;
				DEVELOPMENT_TEAM = 9S5S88BS5Q;
				GENERATE_INFOPLIST_FILE = YES;
				INFOPLIST_FILE = ParisWeather/Info.plist;
				INFOPLIST_KEY_UIApplicationSupportsIndirectInputEvents = YES;
				INFOPLIST_KEY_UILaunchStoryboardName = LaunchScreen;
				INFOPLIST_KEY_UIMainStoryboardFile = "";
				INFOPLIST_KEY_UISupportedInterfaceOrientations_iPad = "UIInterfaceOrientationPortrait UIInterfaceOrientationPortraitUpsideDown UIInterfaceOrientationLandscapeLeft UIInterfaceOrientationLandscapeRight";
				INFOPLIST_KEY_UISupportedInterfaceOrientations_iPhone = "UIInterfaceOrientationPortrait UIInterfaceOrientationLandscapeLeft UIInterfaceOrientationLandscapeRight";
				LD_RUNPATH_SEARCH_PATHS = (
					"$(inherited)",
					"@executable_path/Frameworks",
				);
				MARKETING_VERSION = 1.0;
				PRODUCT_BUNDLE_IDENTIFIER = hamza.ParisWeather;
				PRODUCT_NAME = "$(TARGET_NAME)";
				SWIFT_EMIT_LOC_STRINGS = YES;
				SWIFT_VERSION = 5.0;
				TARGETED_DEVICE_FAMILY = "1,2";
			};
			name = Release;
		};
		20C8B1EE2C1718DE00D4E225 /* Debug */ = {
			isa = XCBuildConfiguration;
			baseConfigurationReference = 677EAB4932A79B7CA5522393 /* Pods-ParisWeatherTests.debug.xcconfig */;
			buildSettings = {
				ALWAYS_EMBED_SWIFT_STANDARD_LIBRARIES = YES;
				BUNDLE_LOADER = "$(TEST_HOST)";
				CODE_SIGN_STYLE = Automatic;
				CURRENT_PROJECT_VERSION = 1;
				DEVELOPMENT_TEAM = 9S5S88BS5Q;
				GENERATE_INFOPLIST_FILE = YES;
				IPHONEOS_DEPLOYMENT_TARGET = 17.5;
				MARKETING_VERSION = 1.0;
				PRODUCT_BUNDLE_IDENTIFIER = hamza.ParisWeatherTests;
				PRODUCT_NAME = "$(TARGET_NAME)";
				SWIFT_EMIT_LOC_STRINGS = NO;
				SWIFT_VERSION = 5.0;
				TARGETED_DEVICE_FAMILY = "1,2";
				TEST_HOST = "$(BUILT_PRODUCTS_DIR)/ParisWeather.app/$(BUNDLE_EXECUTABLE_FOLDER_PATH)/ParisWeather";
			};
			name = Debug;
		};
		20C8B1EF2C1718DE00D4E225 /* Release */ = {
			isa = XCBuildConfiguration;
			baseConfigurationReference = AFD2AAA57E1DB324B8BF865B /* Pods-ParisWeatherTests.release.xcconfig */;
			buildSettings = {
				ALWAYS_EMBED_SWIFT_STANDARD_LIBRARIES = YES;
				BUNDLE_LOADER = "$(TEST_HOST)";
				CODE_SIGN_STYLE = Automatic;
				CURRENT_PROJECT_VERSION = 1;
				DEVELOPMENT_TEAM = 9S5S88BS5Q;
				GENERATE_INFOPLIST_FILE = YES;
				IPHONEOS_DEPLOYMENT_TARGET = 17.5;
				MARKETING_VERSION = 1.0;
				PRODUCT_BUNDLE_IDENTIFIER = hamza.ParisWeatherTests;
				PRODUCT_NAME = "$(TARGET_NAME)";
				SWIFT_EMIT_LOC_STRINGS = NO;
				SWIFT_VERSION = 5.0;
				TARGETED_DEVICE_FAMILY = "1,2";
				TEST_HOST = "$(BUILT_PRODUCTS_DIR)/ParisWeather.app/$(BUNDLE_EXECUTABLE_FOLDER_PATH)/ParisWeather";
			};
			name = Release;
		};
		20C8B1F12C1718DE00D4E225 /* Debug */ = {
			isa = XCBuildConfiguration;
			baseConfigurationReference = C095AEDB45CD860FAEDBCE23 /* Pods-ParisWeather-ParisWeatherUITests.debug.xcconfig */;
			buildSettings = {
				ALWAYS_EMBED_SWIFT_STANDARD_LIBRARIES = YES;
				CODE_SIGN_STYLE = Automatic;
				CURRENT_PROJECT_VERSION = 1;
				DEVELOPMENT_TEAM = 9S5S88BS5Q;
				GENERATE_INFOPLIST_FILE = YES;
				MARKETING_VERSION = 1.0;
				PRODUCT_BUNDLE_IDENTIFIER = hamza.ParisWeatherUITests;
				PRODUCT_NAME = "$(TARGET_NAME)";
				SWIFT_EMIT_LOC_STRINGS = NO;
				SWIFT_VERSION = 5.0;
				TARGETED_DEVICE_FAMILY = "1,2";
				TEST_TARGET_NAME = ParisWeather;
			};
			name = Debug;
		};
		20C8B1F22C1718DE00D4E225 /* Release */ = {
			isa = XCBuildConfiguration;
			baseConfigurationReference = 87B32C70F82D0711F2023865 /* Pods-ParisWeather-ParisWeatherUITests.release.xcconfig */;
			buildSettings = {
				ALWAYS_EMBED_SWIFT_STANDARD_LIBRARIES = YES;
				CODE_SIGN_STYLE = Automatic;
				CURRENT_PROJECT_VERSION = 1;
				DEVELOPMENT_TEAM = 9S5S88BS5Q;
				GENERATE_INFOPLIST_FILE = YES;
				MARKETING_VERSION = 1.0;
				PRODUCT_BUNDLE_IDENTIFIER = hamza.ParisWeatherUITests;
				PRODUCT_NAME = "$(TARGET_NAME)";
				SWIFT_EMIT_LOC_STRINGS = NO;
				SWIFT_VERSION = 5.0;
				TARGETED_DEVICE_FAMILY = "1,2";
				TEST_TARGET_NAME = ParisWeather;
			};
			name = Release;
		};
/* End XCBuildConfiguration section */

/* Begin XCConfigurationList section */
		20C8B1BB2C1718DD00D4E225 /* Build configuration list for PBXProject "ParisWeather" */ = {
			isa = XCConfigurationList;
			buildConfigurations = (
				20C8B1E82C1718DE00D4E225 /* Debug */,
				20C8B1E92C1718DE00D4E225 /* Release */,
			);
			defaultConfigurationIsVisible = 0;
			defaultConfigurationName = Release;
		};
		20C8B1EA2C1718DE00D4E225 /* Build configuration list for PBXNativeTarget "ParisWeather" */ = {
			isa = XCConfigurationList;
			buildConfigurations = (
				20C8B1EB2C1718DE00D4E225 /* Debug */,
				20C8B1EC2C1718DE00D4E225 /* Release */,
			);
			defaultConfigurationIsVisible = 0;
			defaultConfigurationName = Release;
		};
		20C8B1ED2C1718DE00D4E225 /* Build configuration list for PBXNativeTarget "ParisWeatherTests" */ = {
			isa = XCConfigurationList;
			buildConfigurations = (
				20C8B1EE2C1718DE00D4E225 /* Debug */,
				20C8B1EF2C1718DE00D4E225 /* Release */,
			);
			defaultConfigurationIsVisible = 0;
			defaultConfigurationName = Release;
		};
		20C8B1F02C1718DE00D4E225 /* Build configuration list for PBXNativeTarget "ParisWeatherUITests" */ = {
			isa = XCConfigurationList;
			buildConfigurations = (
				20C8B1F12C1718DE00D4E225 /* Debug */,
				20C8B1F22C1718DE00D4E225 /* Release */,
			);
			defaultConfigurationIsVisible = 0;
			defaultConfigurationName = Release;
		};
/* End XCConfigurationList section */
	};
	rootObject = 20C8B1B82C1718DD00D4E225 /* Project object */;
}
